# This file is automatically @generated by Wally.
# It is not intended for manual editing.
registry = "test"

[[package]]
name = "1foreverhd/topbarplus"
version = "3.4.0"
dependencies = []

[[package]]
name = "ckirmse/md"
version = "0.2.0"
dependencies = [["iris", "sirmallard/iris@2.5.0"], ["topbarplus", "1foreverhd/topbarplus@3.4.0"]]

[[package]]
name = "sirmallard/iris"
version = "2.5.0"
dependencies = []
